
Microsoft Visual Studio Solution File, Format Version 12.00
# Visual Studio Version 17
VisualStudioVersion = 17.6.33815.320
MinimumVisualStudioVersion = 10.0.40219.1
Project("{FAE04EC0-301F-11D3-BF4B-00C04F79EFBC}") = "Калькулятор множеств (1)", "Калькулятор множеств (1).csproj", "{1038F002-8E3A-4F05-BD76-A7D945E575A6}"
EndProject
Global
	GlobalSection(SolutionConfigurationPlatforms) = preSolution
		Debug|Any CPU = Debug|Any CPU
		Release|Any CPU = Release|Any CPU
	EndGlobalSection
	GlobalSection(ProjectConfigurationPlatforms) = postSolution
		{1038F002-8E3A-4F05-BD76-A7D945E575A6}.Debug|Any CPU.ActiveCfg = Debug|Any CPU
		{1038F002-8E3A-4F05-BD76-A7D945E575A6}.Debug|Any CPU.Build.0 = Debug|Any CPU
		{1038F002-8E3A-4F05-BD76-A7D945E575A6}.Release|Any CPU.ActiveCfg = Release|Any CPU
		{1038F002-8E3A-4F05-BD76-A7D945E575A6}.Release|Any CPU.Build.0 = Release|Any CPU
	EndGlobalSection
	GlobalSection(SolutionProperties) = preSolution
		HideSolutionNode = FALSE
	EndGlobalSection
	GlobalSection(ExtensibilityGlobals) = postSolution
		SolutionGuid = {E2C8ADBC-B7ED-4B08-A98B-6E1029F46CFA}
	EndGlobalSection
EndGlobal
